
Microsoft Visual Studio Solution File, Format Version 12.00
# Visual Studio Version 17
VisualStudioVersion = 17.14.36127.28
MinimumVisualStudioVersion = 10.0.40219.1
Project("{FAE04EC0-301F-11D3-BF4B-00C04F79EFBC}") = "GeminiChat.Wpf", "GeminiChat.Wpf\GeminiChat.Wpf.csproj", "{10657A46-FBF3-4F38-8A85-2B9141335635}"
EndProject
Project("{FAE04EC0-301F-11D3-BF4B-00C04F79EFBC}") = "GeminiChat.Gemini", "GeminiChat.Gemini\GeminiChat.Gemini.csproj", "{205EA4AD-7D8D-4405-930B-D18B19A514C8}"
EndProject
Project("{FAE04EC0-301F-11D3-BF4B-00C04F79EFBC}") = "GeminiChat.Core", "GeminiChat.Core\GeminiChat.Core.csproj", "{CEDA499A-E76E-42AE-BB21-9A341713666A}"
EndProject
Project("{FAE04EC0-301F-11D3-BF4B-00C04F79EFBC}") = "GeminiChat.Logging", "GeminiChat.Logging\GeminiChat.Logging.csproj", "{73219909-D020-4634-8BF9-06BC6FD18D0E}"
EndProject
Project("{FAE04EC0-301F-11D3-BF4B-00C04F79EFBC}") = "CodeFormatting", "CodeFormatting\CodeFormatting.csproj", "{1E6CB097-40FC-B55A-79A7-DF4AEA32A3D2}"
EndProject
Project("{2150E333-8FDC-42A3-9474-1A3956D46DE8}") = "Solution Items", "Solution Items", "{8EC462FD-D22E-90A8-E5CE-7E832BA40C5D}"
	ProjectSection(SolutionItems) = preProject
		Readme.md = Readme.md
	EndProjectSection
EndProject
Project("{FAE04EC0-301F-11D3-BF4B-00C04F79EFBC}") = "Executor", "Executor\Executor.csproj", "{C77BE777-0E67-4A2B-B365-1273901CD55D}"
EndProject
Global
	GlobalSection(SolutionConfigurationPlatforms) = preSolution
		Debug|Any CPU = Debug|Any CPU
		Release|Any CPU = Release|Any CPU
	EndGlobalSection
	GlobalSection(ProjectConfigurationPlatforms) = postSolution
		{10657A46-FBF3-4F38-8A85-2B9141335635}.Debug|Any CPU.ActiveCfg = Debug|Any CPU
		{10657A46-FBF3-4F38-8A85-2B9141335635}.Debug|Any CPU.Build.0 = Debug|Any CPU
		{10657A46-FBF3-4F38-8A85-2B9141335635}.Release|Any CPU.ActiveCfg = Release|Any CPU
		{10657A46-FBF3-4F38-8A85-2B9141335635}.Release|Any CPU.Build.0 = Release|Any CPU
		{205EA4AD-7D8D-4405-930B-D18B19A514C8}.Debug|Any CPU.ActiveCfg = Debug|Any CPU
		{205EA4AD-7D8D-4405-930B-D18B19A514C8}.Debug|Any CPU.Build.0 = Debug|Any CPU
		{205EA4AD-7D8D-4405-930B-D18B19A514C8}.Release|Any CPU.ActiveCfg = Release|Any CPU
		{205EA4AD-7D8D-4405-930B-D18B19A514C8}.Release|Any CPU.Build.0 = Release|Any CPU
		{CEDA499A-E76E-42AE-BB21-9A341713666A}.Debug|Any CPU.ActiveCfg = Debug|Any CPU
		{CEDA499A-E76E-42AE-BB21-9A341713666A}.Debug|Any CPU.Build.0 = Debug|Any CPU
		{CEDA499A-E76E-42AE-BB21-9A341713666A}.Release|Any CPU.ActiveCfg = Release|Any CPU
		{CEDA499A-E76E-42AE-BB21-9A341713666A}.Release|Any CPU.Build.0 = Release|Any CPU
		{73219909-D020-4634-8BF9-06BC6FD18D0E}.Debug|Any CPU.ActiveCfg = Debug|Any CPU
		{73219909-D020-4634-8BF9-06BC6FD18D0E}.Debug|Any CPU.Build.0 = Debug|Any CPU
		{73219909-D020-4634-8BF9-06BC6FD18D0E}.Release|Any CPU.ActiveCfg = Release|Any CPU
		{73219909-D020-4634-8BF9-06BC6FD18D0E}.Release|Any CPU.Build.0 = Release|Any CPU
		{1E6CB097-40FC-B55A-79A7-DF4AEA32A3D2}.Debug|Any CPU.ActiveCfg = Debug|Any CPU
		{1E6CB097-40FC-B55A-79A7-DF4AEA32A3D2}.Debug|Any CPU.Build.0 = Debug|Any CPU
		{1E6CB097-40FC-B55A-79A7-DF4AEA32A3D2}.Release|Any CPU.ActiveCfg = Release|Any CPU
		{1E6CB097-40FC-B55A-79A7-DF4AEA32A3D2}.Release|Any CPU.Build.0 = Release|Any CPU
		{C77BE777-0E67-4A2B-B365-1273901CD55D}.Debug|Any CPU.ActiveCfg = Debug|Any CPU
		{C77BE777-0E67-4A2B-B365-1273901CD55D}.Debug|Any CPU.Build.0 = Debug|Any CPU
		{C77BE777-0E67-4A2B-B365-1273901CD55D}.Release|Any CPU.ActiveCfg = Release|Any CPU
		{C77BE777-0E67-4A2B-B365-1273901CD55D}.Release|Any CPU.Build.0 = Release|Any CPU
	EndGlobalSection
	GlobalSection(SolutionProperties) = preSolution
		HideSolutionNode = FALSE
	EndGlobalSection
	GlobalSection(ExtensibilityGlobals) = postSolution
		SolutionGuid = {C51C5F84-5979-4ABA-BA9D-C2471CABEC3D}
	EndGlobalSection
EndGlobal
